
Microsoft Visual Studio Solution File, Format Version 12.00
# Visual Studio Version 17
VisualStudioVersion = 17.11.35222.181
MinimumVisualStudioVersion = 10.0.40219.1
Project("{2150E333-8FDC-42A3-9474-1A3956D46DE8}") = "Task0", "Task0", "{8A3A461F-21E7-49A0-A17E-7546C8D47671}"
EndProject
Project("{9A19103F-16F7-4668-BE54-9A1E7A4F7556}") = "Tyuiu.TyazhovLA.Sprint5.Task0.V20", "Tyuiu.TyazhovLA.Sprint5.Task0.V20\Tyuiu.TyazhovLA.Sprint5.Task0.V20.csproj", "{66FF5DD1-81BA-454B-A752-26BC305006E1}"
EndProject
Project("{9A19103F-16F7-4668-BE54-9A1E7A4F7556}") = "Tyuiu.TyazhovLA.Sprint5.Task0.V20.Lib", "Tyuiu.TyazhovLA.Sprint5.Task0.V20.Lib\Tyuiu.TyazhovLA.Sprint5.Task0.V20.Lib.csproj", "{C3B17BC4-875B-4EA0-9004-5BE115AB9CD0}"
EndProject
Project("{9A19103F-16F7-4668-BE54-9A1E7A4F7556}") = "Tyuiu.TyazhovLA.Sprint5.Task0.V20.Test", "Tyuiu.TyazhovLA.Sprint5.Task0.V20.Test\Tyuiu.TyazhovLA.Sprint5.Task0.V20.Test.csproj", "{C0691A2B-0691-45CF-BB88-7396E882A4F2}"
EndProject
Project("{2150E333-8FDC-42A3-9474-1A3956D46DE8}") = "Task1", "Task1", "{16669248-DABA-45EA-904C-1ADA3020DE7E}"
EndProject
Project("{9A19103F-16F7-4668-BE54-9A1E7A4F7556}") = "Tyuiu.TyazhovLA.Sprint5.Task1.V3.Lib", "Tyuiu.TyazhovLA.Sprint5.Task1.V3.Lib\Tyuiu.TyazhovLA.Sprint5.Task1.V3.Lib.csproj", "{52495311-F089-45E5-9CAC-3B69F53B102D}"
EndProject
Project("{9A19103F-16F7-4668-BE54-9A1E7A4F7556}") = "Tyuiu.TyazhovLA.Sprint5.Task1.V3.Test", "Tyuiu.TyazhovLA.Sprint5.Task1.V3.Test\Tyuiu.TyazhovLA.Sprint5.Task1.V3.Test.csproj", "{034DEC6C-13FC-4B54-A9CC-662AA4FBEF80}"
EndProject
Project("{9A19103F-16F7-4668-BE54-9A1E7A4F7556}") = "Tyuiu.TyazhovLA.Sprint5.Task1.V3", "Tyuiu.TyazhovLA.Sprint5.Task1.V3\Tyuiu.TyazhovLA.Sprint5.Task1.V3.csproj", "{94EB9BDC-B136-4BD1-950B-92B086E3CEE9}"
EndProject
Project("{2150E333-8FDC-42A3-9474-1A3956D46DE8}") = "Task2", "Task2", "{D6975FC3-2D19-4834-AE91-D16C671D06AF}"
EndProject
Project("{9A19103F-16F7-4668-BE54-9A1E7A4F7556}") = "Tyuiu.TyazhovLA.Sprint5.Task2.V25", "Tyuiu.TyazhovLA.Sprint5.Task2.V25\Tyuiu.TyazhovLA.Sprint5.Task2.V25.csproj", "{576CC5C4-344B-4EFD-ACE3-E19FB43CC73C}"
EndProject
Project("{9A19103F-16F7-4668-BE54-9A1E7A4F7556}") = "Tyuiu.TyazhovLA.Sprint5.Task2.V25.Lib", "Tyuiu.TyazhovLA.Sprint5.Task2.V25.Lib\Tyuiu.TyazhovLA.Sprint5.Task2.V25.Lib.csproj", "{5C763C84-A06B-459B-A272-23E2ECDD9482}"
EndProject
Project("{9A19103F-16F7-4668-BE54-9A1E7A4F7556}") = "Tyuiu.TyazhovLA.Sprint5.Task2.V25.Test", "Tyuiu.TyazhovLA.Sprint5.Task2.V25.Test\Tyuiu.TyazhovLA.Sprint5.Task2.V25.Test.csproj", "{2CEB69C7-DA4F-4607-8C21-43A5CDEBB810}"
EndProject
Project("{2150E333-8FDC-42A3-9474-1A3956D46DE8}") = "Task3", "Task3", "{9B5270B1-7E7C-4FCD-A426-4FC5D99F22AF}"
EndProject
Project("{9A19103F-16F7-4668-BE54-9A1E7A4F7556}") = "Tyuiu.TyazhovLA.Sprint5.Task3.V21", "Tyuiu.TyazhovLA.Sprint5.Task3.V21\Tyuiu.TyazhovLA.Sprint5.Task3.V21.csproj", "{F47BEA97-EAFC-4655-8C71-ECB38DD9C1E4}"
EndProject
Project("{9A19103F-16F7-4668-BE54-9A1E7A4F7556}") = "Tyuiu.TyazhovLA.Sprint5.Task3.V21.Lib", "Tyuiu.TyazhovLA.Sprint5.Task3.V21.Lib\Tyuiu.TyazhovLA.Sprint5.Task3.V21.Lib.csproj", "{F6848FFD-DADA-425B-8781-84C2D941E3DB}"
EndProject
Project("{9A19103F-16F7-4668-BE54-9A1E7A4F7556}") = "Tyuiu.TyazhovLA.Sprint5.Task3.V21.Test", "Tyuiu.TyazhovLA.Sprint5.Task3.V21.Test\Tyuiu.TyazhovLA.Sprint5.Task3.V21.Test.csproj", "{5A993FD4-B279-49ED-BBDB-0FD9469A5D4A}"
EndProject
Project("{2150E333-8FDC-42A3-9474-1A3956D46DE8}") = "Task4", "Task4", "{45B3D6C9-7D76-4DEC-835C-BCD161F3ED7F}"
EndProject
Project("{FAE04EC0-301F-11D3-BF4B-00C04F79EFBC}") = "Tyuiu.TyazhovLA.Sprint5.Task4.V7", "Tyuiu.TyazhovLA.Sprint5.Task4.V7\Tyuiu.TyazhovLA.Sprint5.Task4.V7.csproj", "{D791E0D7-8B39-49BE-9ADF-5EFF888AF21B}"
EndProject
Project("{FAE04EC0-301F-11D3-BF4B-00C04F79EFBC}") = "Tyuiu.TyazhovLA.Sprint5.Task4.V7.Lib", "Tyuiu.TyazhovLA.Sprint5.Task4.V7.Lib\Tyuiu.TyazhovLA.Sprint5.Task4.V7.Lib.csproj", "{CB6C70BA-8EB2-44B7-8553-1088667E4DD4}"
EndProject
Project("{FAE04EC0-301F-11D3-BF4B-00C04F79EFBC}") = "Tyuiu.TyazhovLA.Sprint5.Task4.V7.Test", "Tyuiu.TyazhovLA.Sprint5.Task4.V7.Test\Tyuiu.TyazhovLA.Sprint5.Task4.V7.Test.csproj", "{DA8EE723-9A4F-4D65-950C-A100383B0CCB}"
EndProject
Global
	GlobalSection(SolutionConfigurationPlatforms) = preSolution
		Debug|Any CPU = Debug|Any CPU
		Release|Any CPU = Release|Any CPU
	EndGlobalSection
	GlobalSection(ProjectConfigurationPlatforms) = postSolution
		{66FF5DD1-81BA-454B-A752-26BC305006E1}.Debug|Any CPU.ActiveCfg = Debug|Any CPU
		{66FF5DD1-81BA-454B-A752-26BC305006E1}.Debug|Any CPU.Build.0 = Debug|Any CPU
		{66FF5DD1-81BA-454B-A752-26BC305006E1}.Release|Any CPU.ActiveCfg = Release|Any CPU
		{66FF5DD1-81BA-454B-A752-26BC305006E1}.Release|Any CPU.Build.0 = Release|Any CPU
		{C3B17BC4-875B-4EA0-9004-5BE115AB9CD0}.Debug|Any CPU.ActiveCfg = Debug|Any CPU
		{C3B17BC4-875B-4EA0-9004-5BE115AB9CD0}.Debug|Any CPU.Build.0 = Debug|Any CPU
		{C3B17BC4-875B-4EA0-9004-5BE115AB9CD0}.Release|Any CPU.ActiveCfg = Release|Any CPU
		{C3B17BC4-875B-4EA0-9004-5BE115AB9CD0}.Release|Any CPU.Build.0 = Release|Any CPU
		{C0691A2B-0691-45CF-BB88-7396E882A4F2}.Debug|Any CPU.ActiveCfg = Debug|Any CPU
		{C0691A2B-0691-45CF-BB88-7396E882A4F2}.Debug|Any CPU.Build.0 = Debug|Any CPU
		{C0691A2B-0691-45CF-BB88-7396E882A4F2}.Release|Any CPU.ActiveCfg = Release|Any CPU
		{C0691A2B-0691-45CF-BB88-7396E882A4F2}.Release|Any CPU.Build.0 = Release|Any CPU
		{52495311-F089-45E5-9CAC-3B69F53B102D}.Debug|Any CPU.ActiveCfg = Debug|Any CPU
		{52495311-F089-45E5-9CAC-3B69F53B102D}.Debug|Any CPU.Build.0 = Debug|Any CPU
		{52495311-F089-45E5-9CAC-3B69F53B102D}.Release|Any CPU.ActiveCfg = Release|Any CPU
		{52495311-F089-45E5-9CAC-3B69F53B102D}.Release|Any CPU.Build.0 = Release|Any CPU
		{034DEC6C-13FC-4B54-A9CC-662AA4FBEF80}.Debug|Any CPU.ActiveCfg = Debug|Any CPU
		{034DEC6C-13FC-4B54-A9CC-662AA4FBEF80}.Debug|Any CPU.Build.0 = Debug|Any CPU
		{034DEC6C-13FC-4B54-A9CC-662AA4FBEF80}.Release|Any CPU.ActiveCfg = Release|Any CPU
		{034DEC6C-13FC-4B54-A9CC-662AA4FBEF80}.Release|Any CPU.Build.0 = Release|Any CPU
		{94EB9BDC-B136-4BD1-950B-92B086E3CEE9}.Debug|Any CPU.ActiveCfg = Debug|Any CPU
		{94EB9BDC-B136-4BD1-950B-92B086E3CEE9}.Debug|Any CPU.Build.0 = Debug|Any CPU
		{94EB9BDC-B136-4BD1-950B-92B086E3CEE9}.Release|Any CPU.ActiveCfg = Release|Any CPU
		{94EB9BDC-B136-4BD1-950B-92B086E3CEE9}.Release|Any CPU.Build.0 = Release|Any CPU
		{576CC5C4-344B-4EFD-ACE3-E19FB43CC73C}.Debug|Any CPU.ActiveCfg = Debug|Any CPU
		{576CC5C4-344B-4EFD-ACE3-E19FB43CC73C}.Debug|Any CPU.Build.0 = Debug|Any CPU
		{576CC5C4-344B-4EFD-ACE3-E19FB43CC73C}.Release|Any CPU.ActiveCfg = Release|Any CPU
		{576CC5C4-344B-4EFD-ACE3-E19FB43CC73C}.Release|Any CPU.Build.0 = Release|Any CPU
		{5C763C84-A06B-459B-A272-23E2ECDD9482}.Debug|Any CPU.ActiveCfg = Debug|Any CPU
		{5C763C84-A06B-459B-A272-23E2ECDD9482}.Debug|Any CPU.Build.0 = Debug|Any CPU
		{5C763C84-A06B-459B-A272-23E2ECDD9482}.Release|Any CPU.ActiveCfg = Release|Any CPU
		{5C763C84-A06B-459B-A272-23E2ECDD9482}.Release|Any CPU.Build.0 = Release|Any CPU
		{2CEB69C7-DA4F-4607-8C21-43A5CDEBB810}.Debug|Any CPU.ActiveCfg = Debug|Any CPU
		{2CEB69C7-DA4F-4607-8C21-43A5CDEBB810}.Debug|Any CPU.Build.0 = Debug|Any CPU
		{2CEB69C7-DA4F-4607-8C21-43A5CDEBB810}.Release|Any CPU.ActiveCfg = Release|Any CPU
		{2CEB69C7-DA4F-4607-8C21-43A5CDEBB810}.Release|Any CPU.Build.0 = Release|Any CPU
		{F47BEA97-EAFC-4655-8C71-ECB38DD9C1E4}.Debug|Any CPU.ActiveCfg = Debug|Any CPU
		{F47BEA97-EAFC-4655-8C71-ECB38DD9C1E4}.Debug|Any CPU.Build.0 = Debug|Any CPU
		{F47BEA97-EAFC-4655-8C71-ECB38DD9C1E4}.Release|Any CPU.ActiveCfg = Release|Any CPU
		{F47BEA97-EAFC-4655-8C71-ECB38DD9C1E4}.Release|Any CPU.Build.0 = Release|Any CPU
		{F6848FFD-DADA-425B-8781-84C2D941E3DB}.Debug|Any CPU.ActiveCfg = Debug|Any CPU
		{F6848FFD-DADA-425B-8781-84C2D941E3DB}.Debug|Any CPU.Build.0 = Debug|Any CPU
		{F6848FFD-DADA-425B-8781-84C2D941E3DB}.Release|Any CPU.ActiveCfg = Release|Any CPU
		{F6848FFD-DADA-425B-8781-84C2D941E3DB}.Release|Any CPU.Build.0 = Release|Any CPU
		{5A993FD4-B279-49ED-BBDB-0FD9469A5D4A}.Debug|Any CPU.ActiveCfg = Debug|Any CPU
		{5A993FD4-B279-49ED-BBDB-0FD9469A5D4A}.Debug|Any CPU.Build.0 = Debug|Any CPU
		{5A993FD4-B279-49ED-BBDB-0FD9469A5D4A}.Release|Any CPU.ActiveCfg = Release|Any CPU
		{5A993FD4-B279-49ED-BBDB-0FD9469A5D4A}.Release|Any CPU.Build.0 = Release|Any CPU
		{D791E0D7-8B39-49BE-9ADF-5EFF888AF21B}.Debug|Any CPU.ActiveCfg = Debug|Any CPU
		{D791E0D7-8B39-49BE-9ADF-5EFF888AF21B}.Debug|Any CPU.Build.0 = Debug|Any CPU
		{D791E0D7-8B39-49BE-9ADF-5EFF888AF21B}.Release|Any CPU.ActiveCfg = Release|Any CPU
		{D791E0D7-8B39-49BE-9ADF-5EFF888AF21B}.Release|Any CPU.Build.0 = Release|Any CPU
		{CB6C70BA-8EB2-44B7-8553-1088667E4DD4}.Debug|Any CPU.ActiveCfg = Debug|Any CPU
		{CB6C70BA-8EB2-44B7-8553-1088667E4DD4}.Debug|Any CPU.Build.0 = Debug|Any CPU
		{CB6C70BA-8EB2-44B7-8553-1088667E4DD4}.Release|Any CPU.ActiveCfg = Release|Any CPU
		{CB6C70BA-8EB2-44B7-8553-1088667E4DD4}.Release|Any CPU.Build.0 = Release|Any CPU
		{DA8EE723-9A4F-4D65-950C-A100383B0CCB}.Debug|Any CPU.ActiveCfg = Debug|Any CPU
		{DA8EE723-9A4F-4D65-950C-A100383B0CCB}.Debug|Any CPU.Build.0 = Debug|Any CPU
		{DA8EE723-9A4F-4D65-950C-A100383B0CCB}.Release|Any CPU.ActiveCfg = Release|Any CPU
		{DA8EE723-9A4F-4D65-950C-A100383B0CCB}.Release|Any CPU.Build.0 = Release|Any CPU
	EndGlobalSection
	GlobalSection(SolutionProperties) = preSolution
		HideSolutionNode = FALSE
	EndGlobalSection
	GlobalSection(NestedProjects) = preSolution
		{66FF5DD1-81BA-454B-A752-26BC305006E1} = {8A3A461F-21E7-49A0-A17E-7546C8D47671}
		{C3B17BC4-875B-4EA0-9004-5BE115AB9CD0} = {8A3A461F-21E7-49A0-A17E-7546C8D47671}
		{C0691A2B-0691-45CF-BB88-7396E882A4F2} = {8A3A461F-21E7-49A0-A17E-7546C8D47671}
		{52495311-F089-45E5-9CAC-3B69F53B102D} = {16669248-DABA-45EA-904C-1ADA3020DE7E}
		{034DEC6C-13FC-4B54-A9CC-662AA4FBEF80} = {16669248-DABA-45EA-904C-1ADA3020DE7E}
		{94EB9BDC-B136-4BD1-950B-92B086E3CEE9} = {16669248-DABA-45EA-904C-1ADA3020DE7E}
		{576CC5C4-344B-4EFD-ACE3-E19FB43CC73C} = {D6975FC3-2D19-4834-AE91-D16C671D06AF}
		{5C763C84-A06B-459B-A272-23E2ECDD9482} = {D6975FC3-2D19-4834-AE91-D16C671D06AF}
		{2CEB69C7-DA4F-4607-8C21-43A5CDEBB810} = {D6975FC3-2D19-4834-AE91-D16C671D06AF}
		{F47BEA97-EAFC-4655-8C71-ECB38DD9C1E4} = {9B5270B1-7E7C-4FCD-A426-4FC5D99F22AF}
		{F6848FFD-DADA-425B-8781-84C2D941E3DB} = {9B5270B1-7E7C-4FCD-A426-4FC5D99F22AF}
		{5A993FD4-B279-49ED-BBDB-0FD9469A5D4A} = {9B5270B1-7E7C-4FCD-A426-4FC5D99F22AF}
		{D791E0D7-8B39-49BE-9ADF-5EFF888AF21B} = {45B3D6C9-7D76-4DEC-835C-BCD161F3ED7F}
		{CB6C70BA-8EB2-44B7-8553-1088667E4DD4} = {45B3D6C9-7D76-4DEC-835C-BCD161F3ED7F}
		{DA8EE723-9A4F-4D65-950C-A100383B0CCB} = {45B3D6C9-7D76-4DEC-835C-BCD161F3ED7F}
	EndGlobalSection
	GlobalSection(ExtensibilityGlobals) = postSolution
		SolutionGuid = {11DEBA1B-EF98-4E40-9489-D880F53A0A5D}
	EndGlobalSection
EndGlobal
